{
"name":"vela","version":"2.0.0","lockfileVersion":3,"requires":true,"packages":{"":{"name":"vela","version":"2.0.0","dependencies":{"lucide-react":"^0.263.1","react":"^18.2.0","react-dom":"^18.2.0","xlsx":"^0.18.5","zustand":"^4.5.2"},"devDependencies":{"@types/react":"^18.2.66","@types/react-dom":"^18.2.22","@vitejs/plugin-react":"^4.2.1","typescript":"^5.2.2","vite":"^5.2.0","vitest":"^1.4.0"}},"node_modules/@babel/core":{"version":"7.24.3","resolved":"https://registry.npmjs.org/@babel/core/-/core-7.24.3.tgz","integrity":"sha512-5Fcv01XoW9n3Qv/G8U72M3A33Iu6g3tBAP4g+hQ+6cO3/AOMi6r26pL1F6s12dD8n2l33gYp+LqQn0A4E3bWqw==","dev":true},"node_modules/@babel/plugin-transform-react-jsx-self":{"version":"7.24.1","resolved":"https://registry.npmjs.org/@babel/plugin-transform-react-jsx-self/-/plugin-transform-react-jsx-self-7.24.1.tgz","integrity":"sha512-1vHjE649H6xY6jW1hM7m+H74H3H/x06+yE8p0Pms3WjK22N8/1iY+4uY550a25S4T+/K5u/9f9Wc/V724Vb/w==","dev":true},"node_modules/@babel/plugin-transform-react-jsx-source":{"version":"7.24.1","resolved":"https://registry.npmjs.org/@babel/plugin-transform-react-jsx-source/-/plugin-transform-react-jsx-source-7.24.1.tgz","integrity":"sha512-1vHjE649H6xY6jW1hM7m+H74H3H/x06+yE8p0Pms3WjK22N8/1iY+4uY550a25S4T+/K5u/9f9Wc/V724Vb/w==","dev":true},"node_modules/@types/babel__core":{"version":"7.20.5","resolved":"https://registry.npmjs.org/@types/babel__core/-/babel__core-7.20.5.tgz","integrity":"sha512-mWOU0qLpp+x2p3x6f+nE5A9zW77L8QdO2R9fD87e3ac71f3","dev":true},"node_modules/@types/prop-types":{"version":"15.7.11","resolved":"https://registry.npmjs.org/@types/prop-types/-/prop-types-15.7.11.tgz","integrity":"sha512-ga8y9vEdIGCGx6f+nE5A9zW77L8Qf0I897Jgk9cTwPoy9x9iB+YFjK56J07e2m0y5oU3OubxR3/Hn2A==","dev":true},"node_modules/@types/react":{"version":"18.2.66","resolved":"https://registry.npmjs.org/@types/react/-/react-18.2.66.tgz","integrity":"sha512-XtmveA4/x2tBbsu30kC8DPLW8pOP1B8L/oF8O8LwL3A2K2wH98p2Vv9d+sQY/C7Uo8eBf/YIDp1K4K8UuCgA==","dev":true},"node_modules/@types/react-dom":{"version":"18.2.22","resolved":"https://registry.npmjs.org/@types/react-dom/-/react-dom-18.2.22.tgz","integrity":"sha512-fHtfQ4Fv22TqKj/x2k31M/m3N+NlDq48fGf2xQ/2O0285aE3Hn1d4K030B1Qc6P3D5D72uI8Zc1Y6O8+EwA==","dev":true},"node_modules/@types/scheduler":{"version":"0.16.8","resolved":"https://registry.npmjs.org/@types/scheduler/-/scheduler-0.16.8.tgz","integrity":"sha512-WZLiwShhwLRmeV6zH+GkbOFT6Z6VklciTr65k1p2rv2YlEQ7h4vfM88B2A6sQ6rJbK3H1a6UOMv/bB4W9A8NA==","dev":true},"node_modules/@vitejs/plugin-react":{"version":"4.2.1","resolved":"https://registry.npmjs.org/@vitejs/plugin-react/-/plugin-react-4.2.1.tgz","integrity":"sha512-oojO9LSgE7UrcE8Dq/kK3hWwKxP7ClyeF/Qn2g12X0lFv3Y2Fh1/0j1I2fL0T80aW6N6YI8h+qVn8C40YcQ==","dev":true},"node_modules/lucide-react":{"version":"0.263.1","resolved":"https://registry.npmjs.org/lucide-react/-/lucide-react-0.263.1.tgz","integrity":"sha512-F+wF4b9P2t3l9yR85r+X/j5u1h41HjP5Kbsj8Lh/2T20gYd7R2zQe6oW/nI/p7Q2s9tGntQn6zP44+R60n27Q==","peerDependencies":{"react":"^16.5.1 || ^17.0.0 || ^18.0.0"}},"node_modules/react":{"version":"18.2.0","resolved":"https://registry.npmjs.org/react/-/react-18.2.0.tgz","integrity":"sha512-/3IjMdb2L9QbBdWiW5e3P2/npwMBaU9mHCSCUzNln0ZCYbcfTsGbTJrU/kGemdH2IWmB2ioZ+zkxtmq6g09fGQ==","dependencies":{"loose-envify":"^1.1.0"}},"node_modules/react-dom":{"version":"18.2.0","resolved":"https://registry.npmjs.org/react-dom/-/react-dom-18.2.0.tgz","integrity":"sha512-6IMTriUmvsjHUjNtEDudZfuDQUoWXVxKHhlEGSk81n4YFS+r/Kl99wXiwlVXtPBtJenozv2P+hxDsw9eA7Xo6g==","dependencies":{"loose-envify":"^1.1.0","scheduler":"^0.23.0"}},"node_modules/typescript":{"version":"5.2.2","resolved":"https://registry.npmjs.org/typescript/-/typescript-5.2.2.tgz","integrity":"sha512-mI4WrpHsbCIcwT9cF4FZvr80QUeKvsUsUvKDoR+X/7XHQH98xYD8YHZg7ANtz2GtZt/CBq2QJ0thkGJMHfqc1w==","dev":true},"node_modules/vite":{"version":"5.2.0","resolved":"https://registry.npmjs.org/vite/-/vite-5.2.0.tgz","integrity":"sha512-yl7NtxF8FhNEF6Y3R1V333p94R3NfPiaV3ZopC8wLqH7A9Rz1j5K8aC+Y0gG6z98iY4cZ+m4C0i4N3sZ0s3K==","dev":true},"node_modules/vitest":{"version":"1.4.0","resolved":"https://registry.npmjs.org/vitest/-/vitest-1.4.0.tgz","integrity":"sha512-e/GZ2A2R8yM/Vz/485hVDPsY64oGjU964Q2bL+7D+aYm68B5yT4Y+/kRj2B+QhV3Vf5P1tZ+g52L1b==","dev":true},"node_modules/xlsx":{"version":"0.18.5","resolved":"https://registry.npmjs.org/xlsx/-/xlsx-0.18.5.tgz","integrity":"sha512-9A440DEDKk2e6o2Tnt8jX7WJ0w32mF2s+hCq4yJ6G66A8W+l1kR3Z9zU20K7Vz8J2U0iC0v9Yv7J8U0u=="},"node_modules/zustand":{"version":"4.5.2","resolved":"https://registry.npmjs.org/zustand/-/zustand-4.5.2.tgz","integrity":"sha512-wX/4HkU098aZ11n1vjI7m50iJ0n4eI709O9e55a7iYt1eAOP3qfWd8U4uN4c0R7kYm609A0r1JvY+6Q==","peerDependencies":{"@types/react":">=16.8","immer":">=9.0.6","react":">=16.8"}}}}